<?xml version="1.0" encoding="utf-8"?>
<Project ToolsVersion="4.0" xmlns="http://schemas.microsoft.com/developer/msbuild/2003">
  <ItemGroup>
    <Filter Include="Source Files">
      <UniqueIdentifier>{4FC737F1-C7A5-4376-A066-2A32D752A2FF}</UniqueIdentifier>
      <Extensions>cpp;c;cc;cxx;c++;cppm;ixx;def;odl;idl;hpj;bat;asm;asmx</Extensions>
    </Filter>
    <Filter Include="Header Files">
      <UniqueIdentifier>{93995380-89BD-4b04-88EB-625FBE52EBFB}</UniqueIdentifier>
      <Extensions>h;hh;hpp;hxx;h++;hm;inl;inc;ipp;xsd</Extensions>
    </Filter>
    <Filter Include="Resource Files">
      <UniqueIdentifier>{67DA6AB6-F800-4c08-8B7A-83BB121AAD01}</UniqueIdentifier>
      <Extensions>rc;ico;cur;bmp;dlg;rc2;rct;bin;rgs;gif;jpg;jpeg;jpe;resx;tiff;tif;png;wav;mfcribbon-ms</Extensions>
    </Filter>
  </ItemGroup>
  <ItemGroup>
    <ClCompile Include="SourceFiles\sfml19.cpp">
      <Filter>Source Files</Filter>
    </ClCompile>
    <ClCompile Include="SourceFiles\effect.cpp">
      <Filter>Source Files</Filter>
    </ClCompile>
    <ClCompile Include="SourceFiles\Manager\audio_manager.cpp">
      <Filter>Source Files</Filter>
    </ClCompile>
    <ClCompile Include="SourceFiles\Floor\collectible.cpp">
      <Filter>Source Files</Filter>
    </ClCompile>
    <ClCompile Include="SourceFiles\Floor\enemy.cpp">
      <Filter>Source Files</Filter>
    </ClCompile>
    <ClCompile Include="SourceFiles\Floor\floor.cpp">
      <Filter>Source Files</Filter>
    </ClCompile>
    <ClCompile Include="SourceFiles\Floor\gold_collectible.cpp">
      <Filter>Source Files</Filter>
    </ClCompile>
    <ClCompile Include="SourceFiles\Floor\interactible.cpp">
      <Filter>Source Files</Filter>
    </ClCompile>
    <ClCompile Include="SourceFiles\interface.cpp">
      <Filter>Source Files</Filter>
    </ClCompile>
    <ClCompile Include="SourceFiles\Tool\item.cpp">
      <Filter>Source Files</Filter>
    </ClCompile>
    <ClCompile Include="SourceFiles\Floor\map.cpp">
      <Filter>Source Files</Filter>
    </ClCompile>
    <ClCompile Include="SourceFiles\player.cpp">
      <Filter>Source Files</Filter>
    </ClCompile>
    <ClCompile Include="SourceFiles\Floor\room.cpp">
      <Filter>Source Files</Filter>
    </ClCompile>
    <ClCompile Include="SourceFiles\Floor\shop.cpp">
      <Filter>Source Files</Filter>
    </ClCompile>
    <ClCompile Include="SourceFiles\Tool\spell.cpp">
      <Filter>Source Files</Filter>
    </ClCompile>
    <ClCompile Include="SourceFiles\Floor\stair.cpp">
      <Filter>Source Files</Filter>
    </ClCompile>
    <ClCompile Include="SourceFiles\Manager\texture_manager.cpp">
      <Filter>Source Files</Filter>
    </ClCompile>
    <ClCompile Include="SourceFiles\Shape\full_shape.cpp">
      <Filter>Source Files</Filter>
    </ClCompile>
    <ClCompile Include="SourceFiles\Manager\font_manager.cpp">
      <Filter>Source Files</Filter>
    </ClCompile>
    <ClCompile Include="SourceFiles\Screen\screen.cpp">
      <Filter>Source Files</Filter>
    </ClCompile>
    <ClCompile Include="SourceFiles\Shape\full_rectangle.cpp">
      <Filter>Source Files</Filter>
    </ClCompile>
    <ClCompile Include="SourceFiles\Shape\full_text.cpp">
      <Filter>Source Files</Filter>
    </ClCompile>
    <ClCompile Include="SourceFiles\Screen\exit_screen.cpp">
      <Filter>Source Files</Filter>
    </ClCompile>
    <ClCompile Include="SourceFiles\Screen\title_screen.cpp">
      <Filter>Source Files</Filter>
    </ClCompile>
    <ClCompile Include="SourceFiles\Screen\setting_screen.cpp">
      <Filter>Source Files</Filter>
    </ClCompile>
    <ClCompile Include="SourceFiles\Manager\setting_manager.cpp">
      <Filter>Source Files</Filter>
    </ClCompile>
    <ClCompile Include="SourceFiles\Screen\name_screen.cpp">
      <Filter>Source Files</Filter>
    </ClCompile>
    <ClCompile Include="SourceFiles\Screen\stat_screen.cpp">
      <Filter>Source Files</Filter>
    </ClCompile>
    <ClCompile Include="SourceFiles\Manager\game_manager.cpp">
      <Filter>Source Files</Filter>
    </ClCompile>
    <ClCompile Include="SourceFiles\Screen\game_screen.cpp">
      <Filter>Source Files</Filter>
    </ClCompile>
    <ClCompile Include="SourceFiles\Screen\inventory_screen.cpp">
      <Filter>Source Files</Filter>
    </ClCompile>
    <ClCompile Include="SourceFiles\Screen\level_screen.cpp">
      <Filter>Source Files</Filter>
    </ClCompile>
    <ClCompile Include="SourceFiles\Screen\log_screen.cpp">
      <Filter>Source Files</Filter>
    </ClCompile>
    <ClCompile Include="SourceFiles\Screen\map_screen.cpp">
      <Filter>Source Files</Filter>
    </ClCompile>
    <ClCompile Include="SourceFiles\Screen\menu_screen.cpp">
      <Filter>Source Files</Filter>
    </ClCompile>
    <ClCompile Include="SourceFiles\Screen\shop_screen.cpp">
      <Filter>Source Files</Filter>
    </ClCompile>
    <ClCompile Include="SourceFiles\Screen\spell_screen.cpp">
      <Filter>Source Files</Filter>
    </ClCompile>
    <ClCompile Include="SourceFiles\Screen\load_screen.cpp">
      <Filter>Source Files</Filter>
    </ClCompile>
    <ClCompile Include="SourceFiles\Manager\sf_manager.cpp">
      <Filter>Source Files</Filter>
    </ClCompile>
    <ClCompile Include="SourceFiles\Tool\tool.cpp">
      <Filter>Source Files</Filter>
    </ClCompile>
    <ClCompile Include="SourceFiles\Screen\spell_attack_screen.cpp">
      <Filter>Source Files</Filter>
    </ClCompile>
    <ClCompile Include="SourceFiles\Tool\special.cpp">
      <Filter>Source Files</Filter>
    </ClCompile>
    <ClCompile Include="SourceFiles\Screen\status_screen.cpp">
      <Filter>Source Files</Filter>
    </ClCompile>
    <ClCompile Include="SourceFiles\Floor\floor_object.cpp">
      <Filter>Source Files</Filter>
    </ClCompile>
    <ClCompile Include="SourceFiles\Manager\database_manager.cpp">
      <Filter>Source Files</Filter>
    </ClCompile>
    <ClCompile Include="SourceFiles\Screen\custom_screen.cpp">
      <Filter>Source Files</Filter>
    </ClCompile>
    <ClCompile Include="SourceFiles\Shape\full_textbox.cpp">
      <Filter>Source Files</Filter>
    </ClCompile>
    <ClCompile Include="SourceFiles\Manager\log_manager.cpp">
      <Filter>Source Files</Filter>
    </ClCompile>
    <ClCompile Include="SourceFiles\Shape\full_textinput.cpp">
      <Filter>Source Files</Filter>
    </ClCompile>
    <ClCompile Include="SourceFiles\Screen\message_screen.cpp">
      <Filter>Source Files</Filter>
    </ClCompile>
    <ClCompile Include="SourceFiles\util.cpp">
      <Filter>Source Files</Filter>
    </ClCompile>
  </ItemGroup>
  <ItemGroup>
    <ClInclude Include="HeaderFiles\effect.h">
      <Filter>Header Files</Filter>
    </ClInclude>
    <ClInclude Include="resource.h">
      <Filter>Header Files</Filter>
    </ClInclude>
    <ClInclude Include="HeaderFiles\Floor\collectible.h">
      <Filter>Header Files</Filter>
    </ClInclude>
    <ClInclude Include="HeaderFiles\Floor\enemy.h">
      <Filter>Header Files</Filter>
    </ClInclude>
    <ClInclude Include="HeaderFiles\Floor\floor.h">
      <Filter>Header Files</Filter>
    </ClInclude>
    <ClInclude Include="HeaderFiles\Floor\gold_collectible.h">
      <Filter>Header Files</Filter>
    </ClInclude>
    <ClInclude Include="HeaderFiles\include.h">
      <Filter>Header Files</Filter>
    </ClInclude>
    <ClInclude Include="HeaderFiles\Floor\interactible.h">
      <Filter>Header Files</Filter>
    </ClInclude>
    <ClInclude Include="HeaderFiles\interface.h">
      <Filter>Header Files</Filter>
    </ClInclude>
    <ClInclude Include="HeaderFiles\Tool\item.h">
      <Filter>Header Files</Filter>
    </ClInclude>
    <ClInclude Include="HeaderFiles\Floor\map.h">
      <Filter>Header Files</Filter>
    </ClInclude>
    <ClInclude Include="HeaderFiles\player.h">
      <Filter>Header Files</Filter>
    </ClInclude>
    <ClInclude Include="HeaderFiles\Floor\room.h">
      <Filter>Header Files</Filter>
    </ClInclude>
    <ClInclude Include="HeaderFiles\Floor\shop.h">
      <Filter>Header Files</Filter>
    </ClInclude>
    <ClInclude Include="HeaderFiles\Tool\spell.h">
      <Filter>Header Files</Filter>
    </ClInclude>
    <ClInclude Include="HeaderFiles\Floor\stair.h">
      <Filter>Header Files</Filter>
    </ClInclude>
    <ClInclude Include="HeaderFiles\Manager\audio_manager.h">
      <Filter>Header Files</Filter>
    </ClInclude>
    <ClInclude Include="HeaderFiles\Manager\texture_manager.h">
      <Filter>Header Files</Filter>
    </ClInclude>
    <ClInclude Include="HeaderFiles\stat.h">
      <Filter>Header Files</Filter>
    </ClInclude>
    <ClInclude Include="HeaderFiles\Shape\full_shape.h">
      <Filter>Header Files</Filter>
    </ClInclude>
    <ClInclude Include="HeaderFiles\Manager\font_manager.h">
      <Filter>Header Files</Filter>
    </ClInclude>
    <ClInclude Include="HeaderFiles\Screen\screen.h">
      <Filter>Header Files</Filter>
    </ClInclude>
    <ClInclude Include="HeaderFiles\Shape\full_rectangle.h">
      <Filter>Header Files</Filter>
    </ClInclude>
    <ClInclude Include="HeaderFiles\Shape\full_text.h">
      <Filter>Header Files</Filter>
    </ClInclude>
    <ClInclude Include="HeaderFiles\Screen\exit_screen.h">
      <Filter>Header Files</Filter>
    </ClInclude>
    <ClInclude Include="HeaderFiles\Screen\title_screen.h">
      <Filter>Header Files</Filter>
    </ClInclude>
    <ClInclude Include="HeaderFiles\Screen\setting_screen.h">
      <Filter>Header Files</Filter>
    </ClInclude>
    <ClInclude Include="HeaderFiles\Manager\setting_manager.h">
      <Filter>Header Files</Filter>
    </ClInclude>
    <ClInclude Include="HeaderFiles\Screen\name_screen.h">
      <Filter>Header Files</Filter>
    </ClInclude>
    <ClInclude Include="HeaderFiles\Screen\stat_screen.h">
      <Filter>Header Files</Filter>
    </ClInclude>
    <ClInclude Include="HeaderFiles\Manager\game_manager.h">
      <Filter>Header Files</Filter>
    </ClInclude>
    <ClInclude Include="HeaderFiles\Screen\game_screen.h">
      <Filter>Header Files</Filter>
    </ClInclude>
    <ClInclude Include="HeaderFiles\Screen\inventory_screen.h">
      <Filter>Header Files</Filter>
    </ClInclude>
    <ClInclude Include="HeaderFiles\Screen\level_screen.h">
      <Filter>Header Files</Filter>
    </ClInclude>
    <ClInclude Include="HeaderFiles\Screen\log_screen.h">
      <Filter>Header Files</Filter>
    </ClInclude>
    <ClInclude Include="HeaderFiles\Screen\map_screen.h">
      <Filter>Header Files</Filter>
    </ClInclude>
    <ClInclude Include="HeaderFiles\Screen\menu_screen.h">
      <Filter>Header Files</Filter>
    </ClInclude>
    <ClInclude Include="HeaderFiles\Screen\shop_screen.h">
      <Filter>Header Files</Filter>
    </ClInclude>
    <ClInclude Include="HeaderFiles\Screen\spell_screen.h">
      <Filter>Header Files</Filter>
    </ClInclude>
    <ClInclude Include="HeaderFiles\Screen\load_screen.h">
      <Filter>Header Files</Filter>
    </ClInclude>
    <ClInclude Include="HeaderFiles\Manager\sf_manager.h">
      <Filter>Header Files</Filter>
    </ClInclude>
    <ClInclude Include="HeaderFiles\env.h">
      <Filter>Header Files</Filter>
    </ClInclude>
    <ClInclude Include="HeaderFiles\Tool\tool.h">
      <Filter>Header Files</Filter>
    </ClInclude>
    <ClInclude Include="HeaderFiles\Screen\spell_attack_screen.h">
      <Filter>Header Files</Filter>
    </ClInclude>
    <ClInclude Include="HeaderFiles\Tool\special.h">
      <Filter>Header Files</Filter>
    </ClInclude>
    <ClInclude Include="HeaderFiles\Screen\status_screen.h">
      <Filter>Header Files</Filter>
    </ClInclude>
    <ClInclude Include="HeaderFiles\Floor\floor_object.h">
      <Filter>Header Files</Filter>
    </ClInclude>
    <ClInclude Include="HeaderFiles\Manager\database_manager.h">
      <Filter>Header Files</Filter>
    </ClInclude>
    <ClInclude Include="HeaderFiles\Screen\custom_screen.h">
      <Filter>Header Files</Filter>
    </ClInclude>
    <ClInclude Include="HeaderFiles\Shape\full_textbox.h">
      <Filter>Header Files</Filter>
    </ClInclude>
    <ClInclude Include="HeaderFiles\Manager\log_manager.h">
      <Filter>Header Files</Filter>
    </ClInclude>
    <ClInclude Include="HeaderFiles\Shape\full_textinput.h">
      <Filter>Header Files</Filter>
    </ClInclude>
    <ClInclude Include="HeaderFiles\Screen\message_screen.h">
      <Filter>Header Files</Filter>
    </ClInclude>
    <ClInclude Include="HeaderFiles\util.h">
      <Filter>Header Files</Filter>
    </ClInclude>
  </ItemGroup>
  <ItemGroup>
    <ResourceCompile Include="SFML19_RoguelikeDungeon.rc">
      <Filter>Resource Files</Filter>
    </ResourceCompile>
  </ItemGroup>
  <ItemGroup>
    <None Include="todo.md" />
  </ItemGroup>
</Project>